{
  "version": 4,
  "terraform_version": "1.9.5",
  "serial": 34,
  "lineage": "77f6a05e-d653-07ce-7d54-4b911d47ce72",
  "outputs": {
    "Ec2-IP": {
      "value": "44.200.54.86",
      "type": "string"
    }
  },
  "resources": [
    {
      "module": "module.Environment-setup",
      "mode": "managed",
      "type": "aws_instance",
      "name": "name",
      "provider": "module.Environment-setup.provider[\"registry.terraform.io/hashicorp/aws\"]",
      "instances": [
        {
          "schema_version": 1,
          "attributes": {
            "ami": "ami-0e86e20dae9224db8",
            "arn": "arn:aws:ec2:us-east-1:905418405787:instance/i-0ba22863c2bec05e0",
            "associate_public_ip_address": true,
            "availability_zone": "us-east-1b",
            "capacity_reservation_specification": [
              {
                "capacity_reservation_preference": "open",
                "capacity_reservation_target": []
              }
            ],
            "cpu_core_count": 1,
            "cpu_options": [
              {
                "amd_sev_snp": "",
                "core_count": 1,
                "threads_per_core": 1
              }
            ],
            "cpu_threads_per_core": 1,
            "credit_specification": [
              {
                "cpu_credits": "standard"
              }
            ],
            "disable_api_stop": false,
            "disable_api_termination": false,
            "ebs_block_device": [],
            "ebs_optimized": false,
            "enclave_options": [
              {
                "enabled": false
              }
            ],
            "ephemeral_block_device": [],
            "get_password_data": false,
            "hibernation": false,
            "host_id": "",
            "host_resource_group_arn": null,
            "iam_instance_profile": "",
            "id": "i-0ba22863c2bec05e0",
            "instance_initiated_shutdown_behavior": "stop",
            "instance_lifecycle": "",
            "instance_market_options": [],
            "instance_state": "running",
            "instance_type": "t2.micro",
            "ipv6_address_count": 0,
            "ipv6_addresses": [],
            "key_name": "My-key-Terraform-prod",
            "launch_template": [],
            "maintenance_options": [
              {
                "auto_recovery": "default"
              }
            ],
            "metadata_options": [
              {
                "http_endpoint": "enabled",
                "http_protocol_ipv6": "disabled",
                "http_put_response_hop_limit": 2,
                "http_tokens": "required",
                "instance_metadata_tags": "disabled"
              }
            ],
            "monitoring": false,
            "network_interface": [],
            "outpost_arn": "",
            "password_data": "",
            "placement_group": "",
            "placement_partition_number": 0,
            "primary_network_interface_id": "eni-03e1cb024fb7ff811",
            "private_dns": "ip-10-0-10-93.ec2.internal",
            "private_dns_name_options": [
              {
                "enable_resource_name_dns_a_record": false,
                "enable_resource_name_dns_aaaa_record": false,
                "hostname_type": "ip-name"
              }
            ],
            "private_ip": "10.0.10.93",
            "public_dns": "",
            "public_ip": "44.200.54.86",
            "root_block_device": [
              {
                "delete_on_termination": true,
                "device_name": "/dev/sda1",
                "encrypted": false,
                "iops": 3000,
                "kms_key_id": "",
                "tags": {},
                "tags_all": {},
                "throughput": 125,
                "volume_id": "vol-035a93def9a906919",
                "volume_size": 8,
                "volume_type": "gp3"
              }
            ],
            "secondary_private_ips": [],
            "security_groups": [],
            "source_dest_check": true,
            "spot_instance_request_id": "",
            "subnet_id": "subnet-0863fd59f8236e368",
            "tags": null,
            "tags_all": {},
            "tenancy": "default",
            "timeouts": null,
            "user_data": "c9bcdc104e739129038ec5d925606fbbb96a1a05",
            "user_data_base64": null,
            "user_data_replace_on_change": false,
            "volume_tags": null,
            "vpc_security_group_ids": [
              "sg-0501562e86ca1839a"
            ]
          },
          "sensitive_attributes": [],
          "private": "eyJlMmJmYjczMC1lY2FhLTExZTYtOGY4OC0zNDM2M2JjN2M0YzAiOnsiY3JlYXRlIjo2MDAwMDAwMDAwMDAsImRlbGV0ZSI6MTIwMDAwMDAwMDAwMCwicmVhZCI6OTAwMDAwMDAwMDAwLCJ1cGRhdGUiOjYwMDAwMDAwMDAwMH0sInNjaGVtYV92ZXJzaW9uIjoiMSJ9",
          "dependencies": [
            "module.Environment-setup.aws_key_pair.name",
            "module.Environment-setup.aws_security_group.name",
            "module.Environment-setup.aws_subnet.name",
            "module.Environment-setup.aws_vpc.name"
          ]
        }
      ]
    },
    {
      "module": "module.Environment-setup",
      "mode": "managed",
      "type": "aws_internet_gateway",
      "name": "name",
      "provider": "module.Environment-setup.provider[\"registry.terraform.io/hashicorp/aws\"]",
      "instances": [
        {
          "schema_version": 0,
          "attributes": {
            "arn": "arn:aws:ec2:us-east-1:905418405787:internet-gateway/igw-0317520e47a347f48",
            "id": "igw-0317520e47a347f48",
            "owner_id": "905418405787",
            "tags": null,
            "tags_all": {},
            "timeouts": null,
            "vpc_id": "vpc-017e062a81e23b44f"
          },
          "sensitive_attributes": [],
          "private": "eyJlMmJmYjczMC1lY2FhLTExZTYtOGY4OC0zNDM2M2JjN2M0YzAiOnsiY3JlYXRlIjoxMjAwMDAwMDAwMDAwLCJkZWxldGUiOjEyMDAwMDAwMDAwMDAsInVwZGF0ZSI6MTIwMDAwMDAwMDAwMH19",
          "dependencies": [
            "module.Environment-setup.aws_vpc.name"
          ]
        }
      ]
    },
    {
      "module": "module.Environment-setup",
      "mode": "managed",
      "type": "aws_key_pair",
      "name": "name",
      "provider": "module.Environment-setup.provider[\"registry.terraform.io/hashicorp/aws\"]",
      "instances": [
        {
          "schema_version": 1,
          "attributes": {
            "arn": "arn:aws:ec2:us-east-1:905418405787:key-pair/My-key-Terraform-prod",
            "fingerprint": "26:1b:0a:d5:08:13:5a:c9:27:da:31:bf:13:a1:6c:75",
            "id": "My-key-Terraform-prod",
            "key_name": "My-key-Terraform-prod",
            "key_name_prefix": "",
            "key_pair_id": "key-0e5fbb9ec12776622",
            "key_type": "rsa",
            "public_key": "ssh-rsa AAAAB3NzaC1yc2EAAAADAQABAAABgQC9mGqQ47dx6tFjZux3DHv/Klfyx2ThjFQO+HaMGtoiPnK44KGW4DBJPH8RmdDcHgq1yzK8/1SBV2yoew6dHFpyO+Ml9zJ687fY2n5RaB9ajee9bxB9VaZibzOMkEF+7/1d/LWCqKCYlQEw3v6+9teHaTx9cMUygkh/yd7yupOlEdq3nQkfUekVCmGhDNjMkVboM+wy81LjQ8cYyLUD1pree1LiauHrNDWMQ1L5H0YsSuaoPGDRd3sWpecpf4gCkdsyf32om+CDsYd8YqOh0qOp4UNubBnx/p7gD//MYX4TjncyBLOMzICOsibLcKUXLLk92mlNHW2XzMAFQDuaxpRNhbsusvAl8ejgir/Gehlw44wWuXb1QPPxQUDSnj0rBxZxaJt4t3lZuxDOARCq06pz2xpn7yfhhocg9EZdgseHRHPSIX0OLJt4zI4kHd4aXq59lX+txZ8z7CVP6qs/Jak/73kOq8REdxmCPA7c+1cvzP1Re9+bry9l+SfDc6JTDGU= naresh daniel@Neutron",
            "tags": null,
            "tags_all": {}
          },
          "sensitive_attributes": [],
          "private": "eyJzY2hlbWFfdmVyc2lvbiI6IjEifQ=="
        }
      ]
    },
    {
      "module": "module.Environment-setup",
      "mode": "managed",
      "type": "aws_route_table",
      "name": "name",
      "provider": "module.Environment-setup.provider[\"registry.terraform.io/hashicorp/aws\"]",
      "instances": [
        {
          "schema_version": 0,
          "attributes": {
            "arn": "arn:aws:ec2:us-east-1:905418405787:route-table/rtb-06a3d36618351c3fe",
            "id": "rtb-06a3d36618351c3fe",
            "owner_id": "905418405787",
            "propagating_vgws": [],
            "route": [
              {
                "carrier_gateway_id": "",
                "cidr_block": "0.0.0.0/0",
                "core_network_arn": "",
                "destination_prefix_list_id": "",
                "egress_only_gateway_id": "",
                "gateway_id": "igw-0317520e47a347f48",
                "ipv6_cidr_block": "",
                "local_gateway_id": "",
                "nat_gateway_id": "",
                "network_interface_id": "",
                "transit_gateway_id": "",
                "vpc_endpoint_id": "",
                "vpc_peering_connection_id": ""
              }
            ],
            "tags": null,
            "tags_all": {},
            "timeouts": null,
            "vpc_id": "vpc-017e062a81e23b44f"
          },
          "sensitive_attributes": [],
          "private": "eyJlMmJmYjczMC1lY2FhLTExZTYtOGY4OC0zNDM2M2JjN2M0YzAiOnsiY3JlYXRlIjozMDAwMDAwMDAwMDAsImRlbGV0ZSI6MzAwMDAwMDAwMDAwLCJ1cGRhdGUiOjEyMDAwMDAwMDAwMH19",
          "dependencies": [
            "module.Environment-setup.aws_internet_gateway.name",
            "module.Environment-setup.aws_vpc.name"
          ]
        }
      ]
    },
    {
      "module": "module.Environment-setup",
      "mode": "managed",
      "type": "aws_route_table_association",
      "name": "name",
      "provider": "module.Environment-setup.provider[\"registry.terraform.io/hashicorp/aws\"]",
      "instances": [
        {
          "schema_version": 0,
          "attributes": {
            "gateway_id": "",
            "id": "rtbassoc-0eed81985c73a34c8",
            "route_table_id": "rtb-06a3d36618351c3fe",
            "subnet_id": "subnet-0863fd59f8236e368",
            "timeouts": null
          },
          "sensitive_attributes": [],
          "private": "eyJlMmJmYjczMC1lY2FhLTExZTYtOGY4OC0zNDM2M2JjN2M0YzAiOnsiY3JlYXRlIjozMDAwMDAwMDAwMDAsImRlbGV0ZSI6MzAwMDAwMDAwMDAwLCJ1cGRhdGUiOjEyMDAwMDAwMDAwMH19",
          "dependencies": [
            "module.Environment-setup.aws_internet_gateway.name",
            "module.Environment-setup.aws_route_table.name",
            "module.Environment-setup.aws_subnet.name",
            "module.Environment-setup.aws_vpc.name"
          ]
        }
      ]
    },
    {
      "module": "module.Environment-setup",
      "mode": "managed",
      "type": "aws_security_group",
      "name": "name",
      "provider": "module.Environment-setup.provider[\"registry.terraform.io/hashicorp/aws\"]",
      "instances": [
        {
          "schema_version": 1,
          "attributes": {
            "arn": "arn:aws:ec2:us-east-1:905418405787:security-group/sg-0501562e86ca1839a",
            "description": "Managed by Terraform",
            "egress": [
              {
                "cidr_blocks": [
                  "0.0.0.0/0"
                ],
                "description": "",
                "from_port": 0,
                "ipv6_cidr_blocks": [],
                "prefix_list_ids": [],
                "protocol": "-1",
                "security_groups": [],
                "self": false,
                "to_port": 0
              }
            ],
            "id": "sg-0501562e86ca1839a",
            "ingress": [
              {
                "cidr_blocks": [
                  "0.0.0.0/0"
                ],
                "description": "",
                "from_port": 22,
                "ipv6_cidr_blocks": [],
                "prefix_list_ids": [],
                "protocol": "tcp",
                "security_groups": [],
                "self": false,
                "to_port": 22
              },
              {
                "cidr_blocks": [
                  "0.0.0.0/0"
                ],
                "description": "",
                "from_port": 80,
                "ipv6_cidr_blocks": [],
                "prefix_list_ids": [],
                "protocol": "tcp",
                "security_groups": [],
                "self": false,
                "to_port": 80
              }
            ],
            "name": "terraform-20240928151828739400000001",
            "name_prefix": "terraform-",
            "owner_id": "905418405787",
            "revoke_rules_on_delete": false,
            "tags": null,
            "tags_all": {},
            "timeouts": null,
            "vpc_id": "vpc-017e062a81e23b44f"
          },
          "sensitive_attributes": [],
          "private": "eyJlMmJmYjczMC1lY2FhLTExZTYtOGY4OC0zNDM2M2JjN2M0YzAiOnsiY3JlYXRlIjo2MDAwMDAwMDAwMDAsImRlbGV0ZSI6OTAwMDAwMDAwMDAwfSwic2NoZW1hX3ZlcnNpb24iOiIxIn0=",
          "dependencies": [
            "module.Environment-setup.aws_vpc.name"
          ]
        }
      ]
    },
    {
      "module": "module.Environment-setup",
      "mode": "managed",
      "type": "aws_subnet",
      "name": "name",
      "provider": "module.Environment-setup.provider[\"registry.terraform.io/hashicorp/aws\"]",
      "instances": [
        {
          "schema_version": 1,
          "attributes": {
            "arn": "arn:aws:ec2:us-east-1:905418405787:subnet/subnet-0863fd59f8236e368",
            "assign_ipv6_address_on_creation": false,
            "availability_zone": "us-east-1b",
            "availability_zone_id": "use1-az1",
            "cidr_block": "10.0.10.0/24",
            "customer_owned_ipv4_pool": "",
            "enable_dns64": false,
            "enable_lni_at_device_index": 0,
            "enable_resource_name_dns_a_record_on_launch": false,
            "enable_resource_name_dns_aaaa_record_on_launch": false,
            "id": "subnet-0863fd59f8236e368",
            "ipv6_cidr_block": "",
            "ipv6_cidr_block_association_id": "",
            "ipv6_native": false,
            "map_customer_owned_ip_on_launch": false,
            "map_public_ip_on_launch": true,
            "outpost_arn": "",
            "owner_id": "905418405787",
            "private_dns_hostname_type_on_launch": "ip-name",
            "tags": null,
            "tags_all": {},
            "timeouts": null,
            "vpc_id": "vpc-017e062a81e23b44f"
          },
          "sensitive_attributes": [],
          "private": "eyJlMmJmYjczMC1lY2FhLTExZTYtOGY4OC0zNDM2M2JjN2M0YzAiOnsiY3JlYXRlIjo2MDAwMDAwMDAwMDAsImRlbGV0ZSI6MTIwMDAwMDAwMDAwMH0sInNjaGVtYV92ZXJzaW9uIjoiMSJ9",
          "dependencies": [
            "module.Environment-setup.aws_vpc.name"
          ]
        }
      ]
    },
    {
      "module": "module.Environment-setup",
      "mode": "managed",
      "type": "aws_vpc",
      "name": "name",
      "provider": "module.Environment-setup.provider[\"registry.terraform.io/hashicorp/aws\"]",
      "instances": [
        {
          "schema_version": 1,
          "attributes": {
            "arn": "arn:aws:ec2:us-east-1:905418405787:vpc/vpc-017e062a81e23b44f",
            "assign_generated_ipv6_cidr_block": false,
            "cidr_block": "10.0.0.0/16",
            "default_network_acl_id": "acl-0560f8d61e8d80d0d",
            "default_route_table_id": "rtb-0b0cbd4d9ffa8689e",
            "default_security_group_id": "sg-08db62280f106db4e",
            "dhcp_options_id": "dopt-0d4c6140f6482700c",
            "enable_dns_hostnames": false,
            "enable_dns_support": true,
            "enable_network_address_usage_metrics": false,
            "id": "vpc-017e062a81e23b44f",
            "instance_tenancy": "default",
            "ipv4_ipam_pool_id": null,
            "ipv4_netmask_length": null,
            "ipv6_association_id": "",
            "ipv6_cidr_block": "",
            "ipv6_cidr_block_network_border_group": "",
            "ipv6_ipam_pool_id": "",
            "ipv6_netmask_length": 0,
            "main_route_table_id": "rtb-0b0cbd4d9ffa8689e",
            "owner_id": "905418405787",
            "tags": null,
            "tags_all": {}
          },
          "sensitive_attributes": [],
          "private": "eyJzY2hlbWFfdmVyc2lvbiI6IjEifQ=="
        }
      ]
    }
  ],
  "check_results": null
}
